// !$*UTF8*$!
{
	archiveVersion = 1;
	classes = {
	};
	objectVersion = 48;
	objects = {

/* Begin PBXBuildFile section */
		701E730422A8AE80007B005D /* huan_ying.cc in Sources */ = {isa = PBXBuildFile; fileRef = 701E730222A8AE80007B005D /* huan_ying.cc */; };
		704988A72132D439002E1FDB /* render_screen.cc in Sources */ = {isa = PBXBuildFile; fileRef = 7049889E2132D439002E1FDB /* render_screen.cc */; };
		704988A82132D439002E1FDB /* stb_image.cc in Sources */ = {isa = PBXBuildFile; fileRef = 704988A02132D439002E1FDB /* stb_image.cc */; };
		704988AA2132D439002E1FDB /* main.cc in Sources */ = {isa = PBXBuildFile; fileRef = 704988A22132D439002E1FDB /* main.cc */; };
		70C06F9922A8C14300058A58 /* soul_scale.cc in Sources */ = {isa = PBXBuildFile; fileRef = 70C06F9722A8C14300058A58 /* soul_scale.cc */; };
		70C06F9E22A8FA3100058A58 /* sticker_2d.cc in Sources */ = {isa = PBXBuildFile; fileRef = 70C06F9C22A8FA3100058A58 /* sticker_2d.cc */; };
		70C06FA122A90C3100058A58 /* zoom_in_out.cc in Sources */ = {isa = PBXBuildFile; fileRef = 70C06F9F22A90C3100058A58 /* zoom_in_out.cc */; };
		70C06FA522A9110C00058A58 /* fake_3d.cc in Sources */ = {isa = PBXBuildFile; fileRef = 70C06FA322A9110C00058A58 /* fake_3d.cc */; };
		70C06FAC22A9159900058A58 /* red_blue.cc in Sources */ = {isa = PBXBuildFile; fileRef = 70C06FAA22A9159900058A58 /* red_blue.cc */; };
		70C7BB4A219C3B580079EB77 /* opengl.cc in Sources */ = {isa = PBXBuildFile; fileRef = 70C7BB48219C3B580079EB77 /* opengl.cc */; };
		70C7BB4D219D105D0079EB77 /* shake.cc in Sources */ = {isa = PBXBuildFile; fileRef = 70C7BB4B219D105D0079EB77 /* shake.cc */; };
		70C7BB51219D5C650079EB77 /* flash_white.cc in Sources */ = {isa = PBXBuildFile; fileRef = 70C7BB4F219D5C650079EB77 /* flash_white.cc */; };
		70C7BB54219D5E5C0079EB77 /* blend.cc in Sources */ = {isa = PBXBuildFile; fileRef = 70C7BB52219D5E5C0079EB77 /* blend.cc */; };
		70C7BB57219D5FF00079EB77 /* glitch_filter.cc in Sources */ = {isa = PBXBuildFile; fileRef = 70C7BB55219D5FF00079EB77 /* glitch_filter.cc */; };
		70C7BB5A219D61610079EB77 /* scale.cc in Sources */ = {isa = PBXBuildFile; fileRef = 70C7BB58219D61610079EB77 /* scale.cc */; };
		70C7BB68219E907F0079EB77 /* frame_buffer.cc in Sources */ = {isa = PBXBuildFile; fileRef = 70C7BB66219E907F0079EB77 /* frame_buffer.cc */; };
		70C7BB6B219EB14B0079EB77 /* test.cc in Sources */ = {isa = PBXBuildFile; fileRef = 70C7BB69219EB14B0079EB77 /* test.cc */; };
		70C7BB71219EE80C0079EB77 /* pixel_late.cc in Sources */ = {isa = PBXBuildFile; fileRef = 70C7BB6F219EE80C0079EB77 /* pixel_late.cc */; };
		70EDF7B720BA6B4600EC9235 /* OpenGL.framework in Frameworks */ = {isa = PBXBuildFile; fileRef = 70EDF7B620BA6B4600EC9235 /* OpenGL.framework */; };
		70EDF7B920BA6E6900EC9235 /* libglfw.dylib in Frameworks */ = {isa = PBXBuildFile; fileRef = 70EDF7B820BA6E6900EC9235 /* libglfw.dylib */; };
/* End PBXBuildFile section */

/* Begin PBXCopyFilesBuildPhase section */
		70EDF7A920BA68EA00EC9235 /* CopyFiles */ = {
			isa = PBXCopyFilesBuildPhase;
			buildActionMask = 2147483647;
			dstPath = /usr/share/man/man1/;
			dstSubfolderSpec = 0;
			files = (
			);
			runOnlyForDeploymentPostprocessing = 1;
		};
/* End PBXCopyFilesBuildPhase section */

/* Begin PBXFileReference section */
		701E730122A8AD96007B005D /* huanying.fs */ = {isa = PBXFileReference; fileEncoding = 4; lastKnownFileType = sourcecode.glsl; path = huanying.fs; sourceTree = "<group>"; };
		701E730222A8AE80007B005D /* huan_ying.cc */ = {isa = PBXFileReference; lastKnownFileType = sourcecode.cpp.cpp; path = huan_ying.cc; sourceTree = "<group>"; };
		701E730322A8AE80007B005D /* huan_ying.h */ = {isa = PBXFileReference; lastKnownFileType = sourcecode.c.h; path = huan_ying.h; sourceTree = "<group>"; };
		7049889D2132D439002E1FDB /* filesystem.h */ = {isa = PBXFileReference; fileEncoding = 4; lastKnownFileType = sourcecode.c.h; path = filesystem.h; sourceTree = "<group>"; };
		7049889E2132D439002E1FDB /* render_screen.cc */ = {isa = PBXFileReference; fileEncoding = 4; lastKnownFileType = sourcecode.cpp.cpp; path = render_screen.cc; sourceTree = "<group>"; };
		7049889F2132D439002E1FDB /* stb_image.h */ = {isa = PBXFileReference; fileEncoding = 4; lastKnownFileType = sourcecode.c.h; path = stb_image.h; sourceTree = "<group>"; };
		704988A02132D439002E1FDB /* stb_image.cc */ = {isa = PBXFileReference; fileEncoding = 4; lastKnownFileType = sourcecode.cpp.cpp; path = stb_image.cc; sourceTree = "<group>"; };
		704988A22132D439002E1FDB /* main.cc */ = {isa = PBXFileReference; fileEncoding = 4; lastKnownFileType = sourcecode.cpp.cpp; path = main.cc; sourceTree = "<group>"; };
		704988A32132D439002E1FDB /* render_screen.h */ = {isa = PBXFileReference; fileEncoding = 4; lastKnownFileType = sourcecode.c.h; path = render_screen.h; sourceTree = "<group>"; };
		704988A42132D439002E1FDB /* shader_program.h */ = {isa = PBXFileReference; fileEncoding = 4; lastKnownFileType = sourcecode.c.h; path = shader_program.h; sourceTree = "<group>"; };
		704988A62132D439002E1FDB /* shader_program.cc */ = {isa = PBXFileReference; fileEncoding = 4; lastKnownFileType = sourcecode.cpp.cpp; path = shader_program.cc; sourceTree = "<group>"; };
		70C06F9722A8C14300058A58 /* soul_scale.cc */ = {isa = PBXFileReference; lastKnownFileType = sourcecode.cpp.cpp; path = soul_scale.cc; sourceTree = "<group>"; };
		70C06F9822A8C14300058A58 /* soul_scale.h */ = {isa = PBXFileReference; lastKnownFileType = sourcecode.c.h; path = soul_scale.h; sourceTree = "<group>"; };
		70C06F9A22A8C20100058A58 /* soul_scale.fs */ = {isa = PBXFileReference; lastKnownFileType = sourcecode.glsl; path = soul_scale.fs; sourceTree = "<group>"; };
		70C06F9B22A8FA0E00058A58 /* sticker_2d.fs */ = {isa = PBXFileReference; lastKnownFileType = sourcecode.glsl; path = sticker_2d.fs; sourceTree = "<group>"; };
		70C06F9C22A8FA3100058A58 /* sticker_2d.cc */ = {isa = PBXFileReference; lastKnownFileType = sourcecode.cpp.cpp; path = sticker_2d.cc; sourceTree = "<group>"; };
		70C06F9D22A8FA3100058A58 /* sticker_2d.h */ = {isa = PBXFileReference; lastKnownFileType = sourcecode.c.h; path = sticker_2d.h; sourceTree = "<group>"; };
		70C06F9F22A90C3100058A58 /* zoom_in_out.cc */ = {isa = PBXFileReference; lastKnownFileType = sourcecode.cpp.cpp; path = zoom_in_out.cc; sourceTree = "<group>"; };
		70C06FA022A90C3100058A58 /* zoom_in_out.h */ = {isa = PBXFileReference; lastKnownFileType = sourcecode.c.h; path = zoom_in_out.h; sourceTree = "<group>"; };
		70C06FA222A90C4400058A58 /* zoom_in_out.fs */ = {isa = PBXFileReference; lastKnownFileType = sourcecode.glsl; path = zoom_in_out.fs; sourceTree = "<group>"; };
		70C06FA322A9110C00058A58 /* fake_3d.cc */ = {isa = PBXFileReference; lastKnownFileType = sourcecode.cpp.cpp; path = fake_3d.cc; sourceTree = "<group>"; };
		70C06FA422A9110C00058A58 /* fake_3d.h */ = {isa = PBXFileReference; lastKnownFileType = sourcecode.c.h; path = fake_3d.h; sourceTree = "<group>"; };
		70C06FA722A9116400058A58 /* fake_3d.fs */ = {isa = PBXFileReference; fileEncoding = 4; lastKnownFileType = sourcecode.glsl; path = fake_3d.fs; sourceTree = "<group>"; };
		70C06FA822A914E100058A58 /* red_blue.fs */ = {isa = PBXFileReference; lastKnownFileType = sourcecode.glsl; path = red_blue.fs; sourceTree = "<group>"; };
		70C06FA922A9152C00058A58 /* red_blue.vs */ = {isa = PBXFileReference; lastKnownFileType = sourcecode.glsl; path = red_blue.vs; sourceTree = "<group>"; };
		70C06FAA22A9159900058A58 /* red_blue.cc */ = {isa = PBXFileReference; lastKnownFileType = sourcecode.cpp.cpp; path = red_blue.cc; sourceTree = "<group>"; };
		70C06FAB22A9159900058A58 /* red_blue.h */ = {isa = PBXFileReference; lastKnownFileType = sourcecode.c.h; path = red_blue.h; sourceTree = "<group>"; };
		70C7BB48219C3B580079EB77 /* opengl.cc */ = {isa = PBXFileReference; lastKnownFileType = sourcecode.cpp.cpp; path = opengl.cc; sourceTree = "<group>"; };
		70C7BB49219C3B580079EB77 /* opengl.h */ = {isa = PBXFileReference; lastKnownFileType = sourcecode.c.h; path = opengl.h; sourceTree = "<group>"; };
		70C7BB4B219D105D0079EB77 /* shake.cc */ = {isa = PBXFileReference; lastKnownFileType = sourcecode.cpp.cpp; path = shake.cc; sourceTree = "<group>"; };
		70C7BB4C219D105D0079EB77 /* shake.h */ = {isa = PBXFileReference; lastKnownFileType = sourcecode.c.h; path = shake.h; sourceTree = "<group>"; };
		70C7BB4E219D10F40079EB77 /* shader.h */ = {isa = PBXFileReference; lastKnownFileType = sourcecode.c.h; path = shader.h; sourceTree = "<group>"; };
		70C7BB4F219D5C650079EB77 /* flash_white.cc */ = {isa = PBXFileReference; lastKnownFileType = sourcecode.cpp.cpp; path = flash_white.cc; sourceTree = "<group>"; };
		70C7BB50219D5C650079EB77 /* flash_white.h */ = {isa = PBXFileReference; lastKnownFileType = sourcecode.c.h; path = flash_white.h; sourceTree = "<group>"; };
		70C7BB52219D5E5C0079EB77 /* blend.cc */ = {isa = PBXFileReference; lastKnownFileType = sourcecode.cpp.cpp; path = blend.cc; sourceTree = "<group>"; };
		70C7BB53219D5E5C0079EB77 /* blend.h */ = {isa = PBXFileReference; lastKnownFileType = sourcecode.c.h; path = blend.h; sourceTree = "<group>"; };
		70C7BB55219D5FF00079EB77 /* glitch_filter.cc */ = {isa = PBXFileReference; lastKnownFileType = sourcecode.cpp.cpp; path = glitch_filter.cc; sourceTree = "<group>"; };
		70C7BB56219D5FF00079EB77 /* glitch_filter.h */ = {isa = PBXFileReference; lastKnownFileType = sourcecode.c.h; path = glitch_filter.h; sourceTree = "<group>"; };
		70C7BB58219D61610079EB77 /* scale.cc */ = {isa = PBXFileReference; lastKnownFileType = sourcecode.cpp.cpp; path = scale.cc; sourceTree = "<group>"; };
		70C7BB59219D61610079EB77 /* scale.h */ = {isa = PBXFileReference; lastKnownFileType = sourcecode.c.h; path = scale.h; sourceTree = "<group>"; };
		70C7BB5B219D688F0079EB77 /* sticker.cc */ = {isa = PBXFileReference; lastKnownFileType = sourcecode.cpp.cpp; path = sticker.cc; sourceTree = "<group>"; };
		70C7BB5C219D688F0079EB77 /* sticker.h */ = {isa = PBXFileReference; lastKnownFileType = sourcecode.c.h; path = sticker.h; sourceTree = "<group>"; };
		70C7BB60219E6BE00079EB77 /* vertex_shader.vs */ = {isa = PBXFileReference; lastKnownFileType = sourcecode.glsl; path = vertex_shader.vs; sourceTree = "<group>"; };
		70C7BB61219E6C5C0079EB77 /* flash_white_fragment.fs */ = {isa = PBXFileReference; lastKnownFileType = sourcecode.glsl; path = flash_white_fragment.fs; sourceTree = "<group>"; };
		70C7BB62219E6F4D0079EB77 /* fragment_shader.fs */ = {isa = PBXFileReference; lastKnownFileType = sourcecode.glsl; path = fragment_shader.fs; sourceTree = "<group>"; };
		70C7BB66219E907F0079EB77 /* frame_buffer.cc */ = {isa = PBXFileReference; lastKnownFileType = sourcecode.cpp.cpp; path = frame_buffer.cc; sourceTree = "<group>"; };
		70C7BB67219E907F0079EB77 /* frame_buffer.h */ = {isa = PBXFileReference; lastKnownFileType = sourcecode.c.h; path = frame_buffer.h; sourceTree = "<group>"; };
		70C7BB69219EB14B0079EB77 /* test.cc */ = {isa = PBXFileReference; lastKnownFileType = sourcecode.cpp.cpp; path = test.cc; sourceTree = "<group>"; };
		70C7BB6A219EB14B0079EB77 /* test.h */ = {isa = PBXFileReference; lastKnownFileType = sourcecode.c.h; path = test.h; sourceTree = "<group>"; };
		70C7BB6C219EB8990079EB77 /* test_fragment.fs */ = {isa = PBXFileReference; lastKnownFileType = sourcecode.glsl; path = test_fragment.fs; sourceTree = "<group>"; };
		70C7BB6E219EE7490079EB77 /* pixel_late_fragment.fs */ = {isa = PBXFileReference; lastKnownFileType = sourcecode.glsl; path = pixel_late_fragment.fs; sourceTree = "<group>"; };
		70C7BB6F219EE80C0079EB77 /* pixel_late.cc */ = {isa = PBXFileReference; lastKnownFileType = sourcecode.cpp.cpp; path = pixel_late.cc; sourceTree = "<group>"; };
		70C7BB70219EE80C0079EB77 /* pixel_late.h */ = {isa = PBXFileReference; lastKnownFileType = sourcecode.c.h; path = pixel_late.h; sourceTree = "<group>"; };
		70EDF7AB20BA68EA00EC9235 /* OpenGL */ = {isa = PBXFileReference; explicitFileType = "compiled.mach-o.executable"; includeInIndex = 0; path = OpenGL; sourceTree = BUILT_PRODUCTS_DIR; };
		70EDF7B620BA6B4600EC9235 /* OpenGL.framework */ = {isa = PBXFileReference; lastKnownFileType = wrapper.framework; name = OpenGL.framework; path = System/Library/Frameworks/OpenGL.framework; sourceTree = SDKROOT; };
		70EDF7B820BA6E6900EC9235 /* libglfw.dylib */ = {isa = PBXFileReference; lastKnownFileType = "compiled.mach-o.dylib"; name = libglfw.dylib; path = glfw/lib/libglfw.dylib; sourceTree = "<group>"; };
/* End PBXFileReference section */

/* Begin PBXFrameworksBuildPhase section */
		70EDF7A820BA68EA00EC9235 /* Frameworks */ = {
			isa = PBXFrameworksBuildPhase;
			buildActionMask = 2147483647;
			files = (
				70EDF7B920BA6E6900EC9235 /* libglfw.dylib in Frameworks */,
				70EDF7B720BA6B4600EC9235 /* OpenGL.framework in Frameworks */,
			);
			runOnlyForDeploymentPostprocessing = 0;
		};
/* End PBXFrameworksBuildPhase section */

/* Begin PBXGroup section */
		70C7BB5F219E6B430079EB77 /* shader */ = {
			isa = PBXGroup;
			children = (
				70C06FA722A9116400058A58 /* fake_3d.fs */,
				701E730122A8AD96007B005D /* huanying.fs */,
				70C7BB60219E6BE00079EB77 /* vertex_shader.vs */,
				70C7BB61219E6C5C0079EB77 /* flash_white_fragment.fs */,
				70C7BB62219E6F4D0079EB77 /* fragment_shader.fs */,
				70C7BB6C219EB8990079EB77 /* test_fragment.fs */,
				70C7BB6E219EE7490079EB77 /* pixel_late_fragment.fs */,
				70C06F9A22A8C20100058A58 /* soul_scale.fs */,
				70C06F9B22A8FA0E00058A58 /* sticker_2d.fs */,
				70C06FA222A90C4400058A58 /* zoom_in_out.fs */,
				70C06FA822A914E100058A58 /* red_blue.fs */,
				70C06FA922A9152C00058A58 /* red_blue.vs */,
			);
			path = shader;
			sourceTree = "<group>";
		};
		70EDF7A220BA68E900EC9235 = {
			isa = PBXGroup;
			children = (
				70C7BB5F219E6B430079EB77 /* shader */,
				70EDF7AD20BA68EA00EC9235 /* OpenGL */,
				70EDF7AC20BA68EA00EC9235 /* Products */,
				70EDF7B520BA6B4600EC9235 /* Frameworks */,
			);
			sourceTree = "<group>";
		};
		70EDF7AC20BA68EA00EC9235 /* Products */ = {
			isa = PBXGroup;
			children = (
				70EDF7AB20BA68EA00EC9235 /* OpenGL */,
			);
			name = Products;
			sourceTree = "<group>";
		};
		70EDF7AD20BA68EA00EC9235 /* OpenGL */ = {
			isa = PBXGroup;
			children = (
				7049889D2132D439002E1FDB /* filesystem.h */,
				704988A22132D439002E1FDB /* main.cc */,
				7049889E2132D439002E1FDB /* render_screen.cc */,
				704988A32132D439002E1FDB /* render_screen.h */,
				704988A62132D439002E1FDB /* shader_program.cc */,
				704988A42132D439002E1FDB /* shader_program.h */,
				704988A02132D439002E1FDB /* stb_image.cc */,
				7049889F2132D439002E1FDB /* stb_image.h */,
				70C7BB48219C3B580079EB77 /* opengl.cc */,
				70C7BB49219C3B580079EB77 /* opengl.h */,
				70C7BB4B219D105D0079EB77 /* shake.cc */,
				70C7BB4C219D105D0079EB77 /* shake.h */,
				70C7BB4E219D10F40079EB77 /* shader.h */,
				70C7BB4F219D5C650079EB77 /* flash_white.cc */,
				70C7BB50219D5C650079EB77 /* flash_white.h */,
				70C7BB52219D5E5C0079EB77 /* blend.cc */,
				70C7BB53219D5E5C0079EB77 /* blend.h */,
				70C7BB55219D5FF00079EB77 /* glitch_filter.cc */,
				70C7BB56219D5FF00079EB77 /* glitch_filter.h */,
				70C7BB58219D61610079EB77 /* scale.cc */,
				70C7BB59219D61610079EB77 /* scale.h */,
				70C7BB5B219D688F0079EB77 /* sticker.cc */,
				70C7BB5C219D688F0079EB77 /* sticker.h */,
				70C7BB66219E907F0079EB77 /* frame_buffer.cc */,
				70C7BB67219E907F0079EB77 /* frame_buffer.h */,
				70C7BB69219EB14B0079EB77 /* test.cc */,
				70C7BB6A219EB14B0079EB77 /* test.h */,
				70C7BB6F219EE80C0079EB77 /* pixel_late.cc */,
				70C7BB70219EE80C0079EB77 /* pixel_late.h */,
				701E730222A8AE80007B005D /* huan_ying.cc */,
				701E730322A8AE80007B005D /* huan_ying.h */,
				70C06F9722A8C14300058A58 /* soul_scale.cc */,
				70C06F9822A8C14300058A58 /* soul_scale.h */,
				70C06F9C22A8FA3100058A58 /* sticker_2d.cc */,
				70C06F9D22A8FA3100058A58 /* sticker_2d.h */,
				70C06F9F22A90C3100058A58 /* zoom_in_out.cc */,
				70C06FA022A90C3100058A58 /* zoom_in_out.h */,
				70C06FA322A9110C00058A58 /* fake_3d.cc */,
				70C06FA422A9110C00058A58 /* fake_3d.h */,
				70C06FAA22A9159900058A58 /* red_blue.cc */,
				70C06FAB22A9159900058A58 /* red_blue.h */,
			);
			path = OpenGL;
			sourceTree = "<group>";
		};
		70EDF7B520BA6B4600EC9235 /* Frameworks */ = {
			isa = PBXGroup;
			children = (
				70EDF7B820BA6E6900EC9235 /* libglfw.dylib */,
				70EDF7B620BA6B4600EC9235 /* OpenGL.framework */,
			);
			name = Frameworks;
			sourceTree = "<group>";
		};
/* End PBXGroup section */

/* Begin PBXNativeTarget section */
		70EDF7AA20BA68EA00EC9235 /* OpenGL */ = {
			isa = PBXNativeTarget;
			buildConfigurationList = 70EDF7B220BA68EA00EC9235 /* Build configuration list for PBXNativeTarget "OpenGL" */;
			buildPhases = (
				70EDF7A720BA68EA00EC9235 /* Sources */,
				70EDF7A820BA68EA00EC9235 /* Frameworks */,
				70EDF7A920BA68EA00EC9235 /* CopyFiles */,
			);
			buildRules = (
			);
			dependencies = (
			);
			name = OpenGL;
			productName = OpenGL;
			productReference = 70EDF7AB20BA68EA00EC9235 /* OpenGL */;
			productType = "com.apple.product-type.tool";
		};
/* End PBXNativeTarget section */

/* Begin PBXProject section */
		70EDF7A320BA68EA00EC9235 /* Project object */ = {
			isa = PBXProject;
			attributes = {
				LastUpgradeCheck = 0920;
				ORGANIZATIONNAME = com.wlanjie.opengl;
				TargetAttributes = {
					70EDF7AA20BA68EA00EC9235 = {
						CreatedOnToolsVersion = 9.2;
						ProvisioningStyle = Automatic;
					};
				};
			};
			buildConfigurationList = 70EDF7A620BA68EA00EC9235 /* Build configuration list for PBXProject "OpenGL" */;
			compatibilityVersion = "Xcode 8.0";
			developmentRegion = en;
			hasScannedForEncodings = 0;
			knownRegions = (
				en,
			);
			mainGroup = 70EDF7A220BA68E900EC9235;
			productRefGroup = 70EDF7AC20BA68EA00EC9235 /* Products */;
			projectDirPath = "";
			projectRoot = "";
			targets = (
				70EDF7AA20BA68EA00EC9235 /* OpenGL */,
			);
		};
/* End PBXProject section */

/* Begin PBXSourcesBuildPhase section */
		70EDF7A720BA68EA00EC9235 /* Sources */ = {
			isa = PBXSourcesBuildPhase;
			buildActionMask = 2147483647;
			files = (
				70C7BB71219EE80C0079EB77 /* pixel_late.cc in Sources */,
				704988AA2132D439002E1FDB /* main.cc in Sources */,
				70C06F9E22A8FA3100058A58 /* sticker_2d.cc in Sources */,
				70C7BB57219D5FF00079EB77 /* glitch_filter.cc in Sources */,
				70C06FA122A90C3100058A58 /* zoom_in_out.cc in Sources */,
				70C7BB54219D5E5C0079EB77 /* blend.cc in Sources */,
				70C06FA522A9110C00058A58 /* fake_3d.cc in Sources */,
				70C7BB4D219D105D0079EB77 /* shake.cc in Sources */,
				70C06F9922A8C14300058A58 /* soul_scale.cc in Sources */,
				70C06FAC22A9159900058A58 /* red_blue.cc in Sources */,
				704988A72132D439002E1FDB /* render_screen.cc in Sources */,
				70C7BB5A219D61610079EB77 /* scale.cc in Sources */,
				70C7BB6B219EB14B0079EB77 /* test.cc in Sources */,
				704988A82132D439002E1FDB /* stb_image.cc in Sources */,
				70C7BB51219D5C650079EB77 /* flash_white.cc in Sources */,
				701E730422A8AE80007B005D /* huan_ying.cc in Sources */,
				70C7BB4A219C3B580079EB77 /* opengl.cc in Sources */,
				70C7BB68219E907F0079EB77 /* frame_buffer.cc in Sources */,
			);
			runOnlyForDeploymentPostprocessing = 0;
		};
/* End PBXSourcesBuildPhase section */

/* Begin XCBuildConfiguration section */
		70EDF7B020BA68EA00EC9235 /* Debug */ = {
			isa = XCBuildConfiguration;
			buildSettings = {
				ALWAYS_SEARCH_USER_PATHS = NO;
				CLANG_ANALYZER_NONNULL = YES;
				CLANG_ANALYZER_NUMBER_OBJECT_CONVERSION = YES_AGGRESSIVE;
				CLANG_CXX_LANGUAGE_STANDARD = "gnu++14";
				CLANG_CXX_LIBRARY = "libc++";
				CLANG_ENABLE_MODULES = YES;
				CLANG_ENABLE_OBJC_ARC = YES;
				CLANG_WARN_BLOCK_CAPTURE_AUTORELEASING = YES;
				CLANG_WARN_BOOL_CONVERSION = YES;
				CLANG_WARN_COMMA = YES;
				CLANG_WARN_CONSTANT_CONVERSION = YES;
				CLANG_WARN_DIRECT_OBJC_ISA_USAGE = YES_ERROR;
				CLANG_WARN_DOCUMENTATION_COMMENTS = YES;
				CLANG_WARN_EMPTY_BODY = YES;
				CLANG_WARN_ENUM_CONVERSION = YES;
				CLANG_WARN_INFINITE_RECURSION = YES;
				CLANG_WARN_INT_CONVERSION = YES;
				CLANG_WARN_NON_LITERAL_NULL_CONVERSION = YES;
				CLANG_WARN_OBJC_LITERAL_CONVERSION = YES;
				CLANG_WARN_OBJC_ROOT_CLASS = YES_ERROR;
				CLANG_WARN_RANGE_LOOP_ANALYSIS = YES;
				CLANG_WARN_STRICT_PROTOTYPES = YES;
				CLANG_WARN_SUSPICIOUS_MOVE = YES;
				CLANG_WARN_UNGUARDED_AVAILABILITY = YES_AGGRESSIVE;
				CLANG_WARN_UNREACHABLE_CODE = YES;
				CLANG_WARN__DUPLICATE_METHOD_MATCH = YES;
				CODE_SIGN_IDENTITY = "-";
				COPY_PHASE_STRIP = NO;
				DEBUG_INFORMATION_FORMAT = dwarf;
				ENABLE_STRICT_OBJC_MSGSEND = YES;
				ENABLE_TESTABILITY = YES;
				GCC_C_LANGUAGE_STANDARD = gnu11;
				GCC_DYNAMIC_NO_PIC = NO;
				GCC_NO_COMMON_BLOCKS = YES;
				GCC_OPTIMIZATION_LEVEL = 0;
				GCC_PREPROCESSOR_DEFINITIONS = (
					"DEBUG=1",
					"$(inherited)",
				);
				GCC_WARN_64_TO_32_BIT_CONVERSION = YES;
				GCC_WARN_ABOUT_RETURN_TYPE = YES_ERROR;
				GCC_WARN_UNDECLARED_SELECTOR = YES;
				GCC_WARN_UNINITIALIZED_AUTOS = YES_AGGRESSIVE;
				GCC_WARN_UNUSED_FUNCTION = YES;
				GCC_WARN_UNUSED_VARIABLE = YES;
				MACOSX_DEPLOYMENT_TARGET = 10.13;
				MTL_ENABLE_DEBUG_INFO = YES;
				ONLY_ACTIVE_ARCH = YES;
				SDKROOT = macosx;
			};
			name = Debug;
		};
		70EDF7B120BA68EA00EC9235 /* Release */ = {
			isa = XCBuildConfiguration;
			buildSettings = {
				ALWAYS_SEARCH_USER_PATHS = NO;
				CLANG_ANALYZER_NONNULL = YES;
				CLANG_ANALYZER_NUMBER_OBJECT_CONVERSION = YES_AGGRESSIVE;
				CLANG_CXX_LANGUAGE_STANDARD = "gnu++14";
				CLANG_CXX_LIBRARY = "libc++";
				CLANG_ENABLE_MODULES = YES;
				CLANG_ENABLE_OBJC_ARC = YES;
				CLANG_WARN_BLOCK_CAPTURE_AUTORELEASING = YES;
				CLANG_WARN_BOOL_CONVERSION = YES;
				CLANG_WARN_COMMA = YES;
				CLANG_WARN_CONSTANT_CONVERSION = YES;
				CLANG_WARN_DIRECT_OBJC_ISA_USAGE = YES_ERROR;
				CLANG_WARN_DOCUMENTATION_COMMENTS = YES;
				CLANG_WARN_EMPTY_BODY = YES;
				CLANG_WARN_ENUM_CONVERSION = YES;
				CLANG_WARN_INFINITE_RECURSION = YES;
				CLANG_WARN_INT_CONVERSION = YES;
				CLANG_WARN_NON_LITERAL_NULL_CONVERSION = YES;
				CLANG_WARN_OBJC_LITERAL_CONVERSION = YES;
				CLANG_WARN_OBJC_ROOT_CLASS = YES_ERROR;
				CLANG_WARN_RANGE_LOOP_ANALYSIS = YES;
				CLANG_WARN_STRICT_PROTOTYPES = YES;
				CLANG_WARN_SUSPICIOUS_MOVE = YES;
				CLANG_WARN_UNGUARDED_AVAILABILITY = YES_AGGRESSIVE;
				CLANG_WARN_UNREACHABLE_CODE = YES;
				CLANG_WARN__DUPLICATE_METHOD_MATCH = YES;
				CODE_SIGN_IDENTITY = "-";
				COPY_PHASE_STRIP = NO;
				DEBUG_INFORMATION_FORMAT = "dwarf-with-dsym";
				ENABLE_NS_ASSERTIONS = NO;
				ENABLE_STRICT_OBJC_MSGSEND = YES;
				GCC_C_LANGUAGE_STANDARD = gnu11;
				GCC_NO_COMMON_BLOCKS = YES;
				GCC_WARN_64_TO_32_BIT_CONVERSION = YES;
				GCC_WARN_ABOUT_RETURN_TYPE = YES_ERROR;
				GCC_WARN_UNDECLARED_SELECTOR = YES;
				GCC_WARN_UNINITIALIZED_AUTOS = YES_AGGRESSIVE;
				GCC_WARN_UNUSED_FUNCTION = YES;
				GCC_WARN_UNUSED_VARIABLE = YES;
				MACOSX_DEPLOYMENT_TARGET = 10.13;
				MTL_ENABLE_DEBUG_INFO = NO;
				SDKROOT = macosx;
			};
			name = Release;
		};
		70EDF7B320BA68EA00EC9235 /* Debug */ = {
			isa = XCBuildConfiguration;
			buildSettings = {
				CODE_SIGN_STYLE = Automatic;
				HEADER_SEARCH_PATHS = (
					"$(PROJECT_DIR)/glfw/include",
					"$(PROJECT_DIR)/glm/glm",
					"$(PROJECT_DIR)/glm/glm/gtx",
					"$(PROJECT_DIR)/glm/glm/gtc",
				);
				LIBRARY_SEARCH_PATHS = "$(PROJECT_DIR)/glfw/lib";
				PRODUCT_NAME = "$(TARGET_NAME)";
				WARNING_CFLAGS = (
					"-Wno-documentation",
					"-w",
				);
			};
			name = Debug;
		};
		70EDF7B420BA68EA00EC9235 /* Release */ = {
			isa = XCBuildConfiguration;
			buildSettings = {
				CODE_SIGN_STYLE = Automatic;
				HEADER_SEARCH_PATHS = (
					"$(PROJECT_DIR)/glfw/include",
					"$(PROJECT_DIR)/glm/glm",
					"$(PROJECT_DIR)/glm/glm/gtx",
					"$(PROJECT_DIR)/glm/glm/gtc",
				);
				LIBRARY_SEARCH_PATHS = "$(PROJECT_DIR)/glfw/lib";
				PRODUCT_NAME = "$(TARGET_NAME)";
				WARNING_CFLAGS = (
					"-Wno-documentation",
					"-w",
				);
			};
			name = Release;
		};
/* End XCBuildConfiguration section */

/* Begin XCConfigurationList section */
		70EDF7A620BA68EA00EC9235 /* Build configuration list for PBXProject "OpenGL" */ = {
			isa = XCConfigurationList;
			buildConfigurations = (
				70EDF7B020BA68EA00EC9235 /* Debug */,
				70EDF7B120BA68EA00EC9235 /* Release */,
			);
			defaultConfigurationIsVisible = 0;
			defaultConfigurationName = Release;
		};
		70EDF7B220BA68EA00EC9235 /* Build configuration list for PBXNativeTarget "OpenGL" */ = {
			isa = XCConfigurationList;
			buildConfigurations = (
				70EDF7B320BA68EA00EC9235 /* Debug */,
				70EDF7B420BA68EA00EC9235 /* Release */,
			);
			defaultConfigurationIsVisible = 0;
			defaultConfigurationName = Release;
		};
/* End XCConfigurationList section */
	};
	rootObject = 70EDF7A320BA68EA00EC9235 /* Project object */;
}
